
Microsoft Visual Studio Solution File, Format Version 12.00
# Visual Studio Version 17
VisualStudioVersion = 17.6.33815.320
MinimumVisualStudioVersion = 10.0.40219.1
Project("{FAE04EC0-301F-11D3-BF4B-00C04F79EFBC}") = "RegularExpressTest", "RegularExpressTest\RegularExpressTest.csproj", "{B3B35F5F-C80F-46D4-B250-188BAE37DA09}"
EndProject
Global
	GlobalSection(SolutionConfigurationPlatforms) = preSolution
		Debug|Any CPU = Debug|Any CPU
		Release|Any CPU = Release|Any CPU
	EndGlobalSection
	GlobalSection(ProjectConfigurationPlatforms) = postSolution
		{B3B35F5F-C80F-46D4-B250-188BAE37DA09}.Debug|Any CPU.ActiveCfg = Debug|Any CPU
		{B3B35F5F-C80F-46D4-B250-188BAE37DA09}.Debug|Any CPU.Build.0 = Debug|Any CPU
		{B3B35F5F-C80F-46D4-B250-188BAE37DA09}.Release|Any CPU.ActiveCfg = Release|Any CPU
		{B3B35F5F-C80F-46D4-B250-188BAE37DA09}.Release|Any CPU.Build.0 = Release|Any CPU
	EndGlobalSection
	GlobalSection(SolutionProperties) = preSolution
		HideSolutionNode = FALSE
	EndGlobalSection
	GlobalSection(ExtensibilityGlobals) = postSolution
		SolutionGuid = {3839DEA0-7EFF-4091-953A-16E04DD29544}
	EndGlobalSection
EndGlobal
